github.com/google/go-cmp v0.5.8 h1:e6P7q2lk1O+qJJb4BtCQXlK8vWEO8V1ZeuEdJNOqZyg=
github.com/google/go-cmp v0.5.8/go.mod h1:17dUlkBOakJ0+DkrSSNjCkIjxS6bF9zb3elmeNGIjoY=
github.com/hashicorp/go-set v0.1.6 h1:fj/JG5B97sAOd9OQN4GL880yCE384fz3asNDpGbxkPo=
github.com/hashicorp/go-set v0.1.6/go.mod h1:ELvMcE+1mRHYPVgTFSQiecObIwZRxY5Q11EhbtmM5KQ=
github.com/shoenig/test v0.4.0 h1:3X4xG/Chx7mzi0h71Sm6Vo38q0EYaQIBZpYFRcA1HVM=
github.com/shoenig/test v0.4.0/go.mod h1:xYtyGBC5Q3kzCNyJg/SjgNpfAa2kvmgA0i5+lQso8x0=
gophers.dev/pkgs/ignore v0.3.1 h1:MmNywpk5VAxWQ7/Yz9E1NmEEHLTh0hRWLiHENdVy4Ls=
gophers.dev/pkgs/ignore v0.3.1/go.mod h1:HwTn4Fc9oicp2TxFV/8P0CswwfsVQczZvG6ZTy2TRXA=
